
Microsoft Visual Studio Solution File, Format Version 12.00
# Visual Studio Version 17
VisualStudioVersion = 17.5.33502.453
MinimumVisualStudioVersion = 10.0.40219.1
Project("{FAE04EC0-301F-11D3-BF4B-00C04F79EFBC}") = "TextToSpeech", "TextToSpeech.csproj", "{F3FA495C-CF4A-44A8-96CE-554092410180}"
EndProject
Global
	GlobalSection(SolutionConfigurationPlatforms) = preSolution
		Debug|Any CPU = Debug|Any CPU
		Release|Any CPU = Release|Any CPU
	EndGlobalSection
	GlobalSection(ProjectConfigurationPlatforms) = postSolution
		{F3FA495C-CF4A-44A8-96CE-554092410180}.Debug|Any CPU.ActiveCfg = Debug|Any CPU
		{F3FA495C-CF4A-44A8-96CE-554092410180}.Debug|Any CPU.Build.0 = Debug|Any CPU
		{F3FA495C-CF4A-44A8-96CE-554092410180}.Release|Any CPU.ActiveCfg = Release|Any CPU
		{F3FA495C-CF4A-44A8-96CE-554092410180}.Release|Any CPU.Build.0 = Release|Any CPU
	EndGlobalSection
	GlobalSection(SolutionProperties) = preSolution
		HideSolutionNode = FALSE
	EndGlobalSection
	GlobalSection(ExtensibilityGlobals) = postSolution
		SolutionGuid = {0B41AA7C-EB01-4BDB-BACB-ABE1C13D9EAE}
	EndGlobalSection
EndGlobal
